{
  "nodes": {
    "nixpkgs": {
      "locked": {
        "lastModified": 1598128922,
        "narHash": "sha256-fC6Cva61FTrEIfUsICu8xlTV77baNObV1/kONi9zUQ8=",
        "owner": "NixOS",
        "repo": "nixpkgs",
        "rev": "0c59c1296b23abc25a6383ff26db2eeb17ad8a81",
        "type": "github"
      },
      "original": {
        "owner": "NixOS",
        "ref": "nixos-20.03",
        "repo": "nixpkgs",
        "type": "github"
      }
    },
    "root": {
      "inputs": {
        "nixpkgs": "nixpkgs"
      }
    }
  },
  "root": "root",
  "version": 7
}
